# generated by rye
# use `rye lock` or `rye sync` to update this lockfile
#
# last locked with the following flags:
#   pre: false
#   features: []
#   all-features: false
#   with-sources: false
#   generate-hashes: false

-e file:.
ffmpeg-python==0.2.0
    # via ar-marker
future==1.0.0
    # via ffmpeg-python
numpy==1.24.4
    # via opencv-python
    # via pupil-apriltags
opencv-python==4.9.0.80
    # via ar-marker
pillow==10.3.0
    # via ar-marker
pupil-apriltags==1.0.4.post10
    # via ar-marker
pypylon==3.0.1
    # via ar-marker
